{
  "name": "kronos-web",
  "version": "1.0.0",
  "lockfileVersion": 1,
  "requires": true,
  "dependencies": {
    "@stomp/stompjs": {
      "version": "3.1.2",
      "resolved": "https://registry.npmjs.org/@stomp/stompjs/-/stompjs-3.1.2.tgz",
      "integrity": "sha512-cSMe/PRAJ8Z+A+X3KodLABRwffEm7QHPvrnOo6Pd1MJfwnBm+XT25m/WRZqB/qykfgRo7v0f+UvSJRUpj9dCCw==",
      "requires": {
        "websocket": "^1.0.24"
      }
    },
    "angular": {
      "version": "1.5.11",
      "resolved": "https://registry.npmjs.org/angular/-/angular-1.5.11.tgz",
      "integrity": "sha1-jFunOG8VllyazzQp9ogVU6raMNY="
    },
    "angular-animate": {
      "version": "1.5.11",
      "resolved": "https://registry.npmjs.org/angular-animate/-/angular-animate-1.5.11.tgz",
      "integrity": "sha1-G6pDwwPRuTxOaqiUU7ORFLehxmk="
    },
    "angular-bootstrap-datetimepicker": {
      "version": "1.0.1",
      "resolved": "https://registry.npmjs.org/angular-bootstrap-datetimepicker/-/angular-bootstrap-datetimepicker-1.0.1.tgz",
      "integrity": "sha1-ft4oK4fK2yeSgJIO99dzAseKBr8=",
      "requires": {
        "angular": "^1.4.9",
        "moment": "^2.11.1"
      }
    },
    "angular-cookies": {
      "version": "1.5.11",
      "resolved": "https://registry.npmjs.org/angular-cookies/-/angular-cookies-1.5.11.tgz",
      "integrity": "sha1-iFWN58UETcw6vreWFNfvgQe6ScA="
    },
    "angular-date-time-input": {
      "version": "1.1.0",
      "resolved": "https://registry.npmjs.org/angular-date-time-input/-/angular-date-time-input-1.1.0.tgz",
      "integrity": "sha1-+vj2Z8DlA8WmTwniWkcOMLb1xBQ=",
      "requires": {
        "angular": "^1.x",
        "moment": "^2.x"
      }
    },
    "angular-google-chart": {
      "version": "0.1.0",
      "resolved": "https://registry.npmjs.org/angular-google-chart/-/angular-google-chart-0.1.0.tgz",
      "integrity": "sha1-zPzuWuuOAvIwcw/XX5lvVBDKGdA=",
      "requires": {
        "angular": ">1.2.9"
      }
    },
    "angular-messages": {
      "version": "1.5.11",
      "resolved": "https://registry.npmjs.org/angular-messages/-/angular-messages-1.5.11.tgz",
      "integrity": "sha1-6pnwFjWU/LCi23AbMDgzklDezJA="
    },
    "angular-moment": {
      "version": "1.0.1",
      "resolved": "https://registry.npmjs.org/angular-moment/-/angular-moment-1.0.1.tgz",
      "integrity": "sha1-UJ0zJq6iP3giHP3bK2K/7eaEHTE=",
      "requires": {
        "moment": ">=2.8.0 <3.0.0"
      }
    },
    "angular-recaptcha": {
      "version": "4.1.2",
      "resolved": "https://registry.npmjs.org/angular-recaptcha/-/angular-recaptcha-4.1.2.tgz",
      "integrity": "sha512-4XsYTb0i29bH33glq3XK5BWZRnWREE/Ud+BijBC5aT15IMRv9HZBAGCmBzT+XHvE+OBBIHBJfUyJFHKmLo5m+w=="
    },
    "angular-resource": {
      "version": "1.5.11",
      "resolved": "https://registry.npmjs.org/angular-resource/-/angular-resource-1.5.11.tgz",
      "integrity": "sha1-2T6mGRhKLg7jrjOCZXWDYxcpKfA="
    },
    "angular-route": {
      "version": "1.5.11",
      "resolved": "https://registry.npmjs.org/angular-route/-/angular-route-1.5.11.tgz",
      "integrity": "sha1-SWFPOhZ/VCkeRJ/ougXTnFiSS4M="
    },
    "angular-sanitize": {
      "version": "1.5.11",
      "resolved": "https://registry.npmjs.org/angular-sanitize/-/angular-sanitize-1.5.11.tgz",
      "integrity": "sha1-6/s/ND5UP5su8FD7TC6e4EjRdy8="
    },
    "angular-spinner": {
      "version": "0.8.1",
      "resolved": "https://registry.npmjs.org/angular-spinner/-/angular-spinner-0.8.1.tgz",
      "integrity": "sha1-Hbzfa+8omSZkWWqh3fgZTQE6rPk=",
      "requires": {
        "spin.js": "^2.0.0"
      }
    },
    "angular-toastr": {
      "version": "1.7.0",
      "resolved": "https://registry.npmjs.org/angular-toastr/-/angular-toastr-1.7.0.tgz",
      "integrity": "sha1-f9+e9hy0q+56iBjrPZeYwFfU638="
    },
    "angular-tree-control": {
      "version": "0.2.28",
      "resolved": "https://registry.npmjs.org/angular-tree-control/-/angular-tree-control-0.2.28.tgz",
      "integrity": "sha1-bPWNWQ7o4FA7uoma5SmuS4dBCDs="
    },
    "angular-ui-grid": {
      "version": "3.0.7",
      "resolved": "https://registry.npmjs.org/angular-ui-grid/-/angular-ui-grid-3.0.7.tgz",
      "integrity": "sha1-Exn37t9tcnSHxvTQ1t8cWhOimtg=",
      "requires": {
        "angular": ">=1.2.16 1.4.x"
      },
      "dependencies": {
        "angular": {
          "version": "1.4.14",
          "resolved": "https://registry.npmjs.org/angular/-/angular-1.4.14.tgz",
          "integrity": "sha1-nQ/q9gzm5SzlD0nuMoZW0eGHXDc="
        }
      }
    },
    "angularjs-scroll-glue": {
      "version": "2.0.7",
      "resolved": "https://registry.npmjs.org/angularjs-scroll-glue/-/angularjs-scroll-glue-2.0.7.tgz",
      "integrity": "sha1-cA4mngYVkqdorbxDQzOUb16ykPg="
    },
    "bootstrap": {
      "version": "3.3.7",
      "resolved": "https://registry.npmjs.org/bootstrap/-/bootstrap-3.3.7.tgz",
      "integrity": "sha1-WjiTlFSfIzMIdaOxUGVldPip63E="
    },
    "debug": {
      "version": "2.6.9",
      "resolved": "https://registry.npmjs.org/debug/-/debug-2.6.9.tgz",
      "integrity": "sha512-bC7ElrdJaJnPbAP+1EotYvqZsb3ecl5wi6Bfi6BJTUcNowp6cvspg0jXznRTKDjm/E7AdgFBVeAPVMNcKGsHMA==",
      "optional": true,
      "requires": {
        "ms": "2.0.0"
      }
    },
    "font-awesome": {
      "version": "4.7.0",
      "resolved": "https://registry.npmjs.org/font-awesome/-/font-awesome-4.7.0.tgz",
      "integrity": "sha1-j6jPBBGhoxr9B7BtKQK7n8gVoTM="
    },
    "is-typedarray": {
      "version": "1.0.0",
      "resolved": "https://registry.npmjs.org/is-typedarray/-/is-typedarray-1.0.0.tgz",
      "integrity": "sha1-5HnICFjfDBsR3dppQPlgEfzaSpo=",
      "optional": true
    },
    "jquery": {
      "version": "2.1.4",
      "resolved": "https://registry.npmjs.org/jquery/-/jquery-2.1.4.tgz",
      "integrity": "sha1-IoveaYoMYUMdwmMKahVPFYkNIxc="
    },
    "ladda": {
      "version": "1.0.5",
      "resolved": "https://registry.npmjs.org/ladda/-/ladda-1.0.5.tgz",
      "integrity": "sha512-8WmdA1A8sF79DLSoBfNeknwW0jm2u8v/v4e0sQeV/mlpkHZNfaqrrevRqAwkqdIi2E92jwrYsg3pdYV+/IMH5A==",
      "requires": {
        "spin.js": "^2.0.0"
      }
    },
    "ladda-angular": {
      "version": "1.0.1",
      "resolved": "https://registry.npmjs.org/ladda-angular/-/ladda-angular-1.0.1.tgz",
      "integrity": "sha1-JGZKSzIyq5kLuHDS7zWruaWnp4I="
    },
    "moment": {
      "version": "2.29.2",
      "resolved": "https://registry.npmjs.org/moment/-/moment-2.29.2.tgz",
      "integrity": "sha512-UgzG4rvxYpN15jgCmVJwac49h9ly9NurikMWGPdVxm8GZD6XjkKPxDTjQQ43gtGgnV3X0cAyWDdP2Wexoquifg=="
    },
    "moment-timezone": {
      "version": "0.5.14",
      "resolved": "https://registry.npmjs.org/moment-timezone/-/moment-timezone-0.5.14.tgz",
      "integrity": "sha1-TrOP+VOLgBCLpGekWPPtQmjM/LE=",
      "requires": {
        "moment": ">= 2.9.0"
      }
    },
    "ms": {
      "version": "2.0.0",
      "resolved": "https://registry.npmjs.org/ms/-/ms-2.0.0.tgz",
      "integrity": "sha1-VgiurfwAvmwpAd9fmGF4jeDVl8g=",
      "optional": true
    },
    "nan": {
      "version": "2.8.0",
      "resolved": "https://registry.npmjs.org/nan/-/nan-2.8.0.tgz",
      "integrity": "sha1-7XFfP+neArV6XmJS2QqWZ14fCFo=",
      "optional": true
    },
    "rangy": {
      "version": "1.3.0",
      "resolved": "https://registry.npmjs.org/rangy/-/rangy-1.3.0.tgz",
      "integrity": "sha1-t8mnCuoF5djNx0qNTIJz1pcnGQQ="
    },
    "spin.js": {
      "version": "2.3.2",
      "resolved": "https://registry.npmjs.org/spin.js/-/spin.js-2.3.2.tgz",
      "integrity": "sha1-bKpW1SBnNFD9XPvGlx5tB3LDeho="
    },
    "textangular": {
      "version": "1.5.16",
      "resolved": "https://registry.npmjs.org/textangular/-/textangular-1.5.16.tgz",
      "integrity": "sha1-xDGc6tXaE1SJbWC+FX6pi2jZuTY=",
      "requires": {
        "rangy": "^1.3.0"
      }
    },
    "typedarray-to-buffer": {
      "version": "3.1.2",
      "resolved": "https://registry.npmjs.org/typedarray-to-buffer/-/typedarray-to-buffer-3.1.2.tgz",
      "integrity": "sha1-EBezLZhP9VbroQD1AViauhrOLgQ=",
      "optional": true,
      "requires": {
        "is-typedarray": "^1.0.0"
      }
    },
    "websocket": {
      "version": "1.0.25",
      "resolved": "https://registry.npmjs.org/websocket/-/websocket-1.0.25.tgz",
      "integrity": "sha512-M58njvi6ZxVb5k7kpnHh2BvNKuBWiwIYvsToErBzWhvBZYwlEiLcyLrG41T1jRcrY9ettqPYEqduLI7ul54CVQ==",
      "optional": true,
      "requires": {
        "debug": "^2.2.0",
        "nan": "^2.3.3",
        "typedarray-to-buffer": "^3.1.2",
        "yaeti": "^0.0.6"
      }
    },
    "yaeti": {
      "version": "0.0.6",
      "resolved": "https://registry.npmjs.org/yaeti/-/yaeti-0.0.6.tgz",
      "integrity": "sha1-8m9ITXJoTPQr7ft2lwqhYI+/lXc=",
      "optional": true
    }
  }
}
