{
  "name": "rhea-web",
  "version": "1.0.0",
  "lockfileVersion": 1,
  "requires": true,
  "dependencies": {
    "angular": {
      "version": "1.7.9",
      "resolved": "https://registry.npmjs.org/angular/-/angular-1.7.9.tgz",
      "integrity": "sha512-5se7ZpcOtu0MBFlzGv5dsM1quQDoDeUTwZrWjGtTNA7O88cD8TEk5IEKCTDa3uECV9XnvKREVUr7du1ACiWGFQ=="
    },
    "angular-animate": {
      "version": "1.5.11",
      "resolved": "https://registry.npmjs.org/angular-animate/-/angular-animate-1.5.11.tgz",
      "integrity": "sha1-G6pDwwPRuTxOaqiUU7ORFLehxmk="
    },
    "angular-bootstrap-datetimepicker": {
      "version": "1.0.1",
      "resolved": "https://registry.npmjs.org/angular-bootstrap-datetimepicker/-/angular-bootstrap-datetimepicker-1.0.1.tgz",
      "integrity": "sha1-ft4oK4fK2yeSgJIO99dzAseKBr8=",
      "requires": {
        "angular": "^1.4.9",
        "moment": "^2.11.1"
      }
    },
    "angular-cookies": {
      "version": "1.5.11",
      "resolved": "https://registry.npmjs.org/angular-cookies/-/angular-cookies-1.5.11.tgz",
      "integrity": "sha1-iFWN58UETcw6vreWFNfvgQe6ScA="
    },
    "angular-date-time-input": {
      "version": "1.1.0",
      "resolved": "https://registry.npmjs.org/angular-date-time-input/-/angular-date-time-input-1.1.0.tgz",
      "integrity": "sha1-+vj2Z8DlA8WmTwniWkcOMLb1xBQ=",
      "requires": {
        "angular": "^1.x",
        "moment": "^2.x"
      }
    },
    "angular-messages": {
      "version": "1.5.11",
      "resolved": "https://registry.npmjs.org/angular-messages/-/angular-messages-1.5.11.tgz",
      "integrity": "sha1-6pnwFjWU/LCi23AbMDgzklDezJA="
    },
    "angular-moment": {
      "version": "1.0.1",
      "resolved": "https://registry.npmjs.org/angular-moment/-/angular-moment-1.0.1.tgz",
      "integrity": "sha1-UJ0zJq6iP3giHP3bK2K/7eaEHTE=",
      "requires": {
        "moment": ">=2.8.0 <3.0.0"
      }
    },
    "angular-resource": {
      "version": "1.5.11",
      "resolved": "https://registry.npmjs.org/angular-resource/-/angular-resource-1.5.11.tgz",
      "integrity": "sha1-2T6mGRhKLg7jrjOCZXWDYxcpKfA="
    },
    "angular-route": {
      "version": "1.5.11",
      "resolved": "https://registry.npmjs.org/angular-route/-/angular-route-1.5.11.tgz",
      "integrity": "sha1-SWFPOhZ/VCkeRJ/ougXTnFiSS4M="
    },
    "angular-sanitize": {
      "version": "1.5.11",
      "resolved": "https://registry.npmjs.org/angular-sanitize/-/angular-sanitize-1.5.11.tgz",
      "integrity": "sha1-6/s/ND5UP5su8FD7TC6e4EjRdy8="
    },
    "angular-spinner": {
      "version": "0.8.1",
      "resolved": "https://registry.npmjs.org/angular-spinner/-/angular-spinner-0.8.1.tgz",
      "integrity": "sha1-Hbzfa+8omSZkWWqh3fgZTQE6rPk=",
      "requires": {
        "spin.js": "^2.0.0"
      }
    },
    "angular-toastr": {
      "version": "1.7.0",
      "resolved": "https://registry.npmjs.org/angular-toastr/-/angular-toastr-1.7.0.tgz",
      "integrity": "sha1-f9+e9hy0q+56iBjrPZeYwFfU638="
    },
    "angular-ui-grid": {
      "version": "3.0.7",
      "resolved": "https://registry.npmjs.org/angular-ui-grid/-/angular-ui-grid-3.0.7.tgz",
      "integrity": "sha1-Exn37t9tcnSHxvTQ1t8cWhOimtg=",
      "requires": {
        "angular": ">=1.2.16 1.4.x"
      },
      "dependencies": {
        "angular": {
          "version": "1.4.14",
          "resolved": "https://registry.npmjs.org/angular/-/angular-1.4.14.tgz",
          "integrity": "sha1-nQ/q9gzm5SzlD0nuMoZW0eGHXDc="
        }
      }
    },
    "bootstrap": {
      "version": "3.3.7",
      "resolved": "https://registry.npmjs.org/bootstrap/-/bootstrap-3.3.7.tgz",
      "integrity": "sha1-WjiTlFSfIzMIdaOxUGVldPip63E="
    },
    "debug": {
      "version": "2.6.8",
      "resolved": "https://registry.npmjs.org/debug/-/debug-2.6.8.tgz",
      "integrity": "sha1-5zFTHKLt4n0YgiJCfaF4IdaP9Pw=",
      "optional": true,
      "requires": {
        "ms": "2.0.0"
      }
    },
    "font-awesome": {
      "version": "4.7.0",
      "resolved": "https://registry.npmjs.org/font-awesome/-/font-awesome-4.7.0.tgz",
      "integrity": "sha1-j6jPBBGhoxr9B7BtKQK7n8gVoTM="
    },
    "is-typedarray": {
      "version": "1.0.0",
      "resolved": "https://registry.npmjs.org/is-typedarray/-/is-typedarray-1.0.0.tgz",
      "integrity": "sha1-5HnICFjfDBsR3dppQPlgEfzaSpo=",
      "optional": true
    },
    "jquery": {
      "version": "2.1.4",
      "resolved": "https://registry.npmjs.org/jquery/-/jquery-2.1.4.tgz",
      "integrity": "sha1-IoveaYoMYUMdwmMKahVPFYkNIxc="
    },
    "moment": {
      "version": "2.13.0",
      "resolved": "https://registry.npmjs.org/moment/-/moment-2.13.0.tgz",
      "integrity": "sha1-JBYtmVIebUD5muaTnoBtITnqrFI="
    },
    "moment-timezone": {
      "version": "0.5.13",
      "resolved": "https://registry.npmjs.org/moment-timezone/-/moment-timezone-0.5.13.tgz",
      "integrity": "sha1-mc5cfYJyYusPH3AgRBd/YHRde5A=",
      "requires": {
        "moment": ">= 2.9.0"
      }
    },
    "ms": {
      "version": "2.0.0",
      "resolved": "https://registry.npmjs.org/ms/-/ms-2.0.0.tgz",
      "integrity": "sha1-VgiurfwAvmwpAd9fmGF4jeDVl8g=",
      "optional": true
    },
    "nan": {
      "version": "2.6.2",
      "resolved": "https://registry.npmjs.org/nan/-/nan-2.6.2.tgz",
      "integrity": "sha1-5P805slf37WuzAjeZZb0NgWn20U=",
      "optional": true
    },
    "spin.js": {
      "version": "2.3.2",
      "resolved": "https://registry.npmjs.org/spin.js/-/spin.js-2.3.2.tgz",
      "integrity": "sha1-bKpW1SBnNFD9XPvGlx5tB3LDeho="
    },
    "stompjs": {
      "version": "2.3.3",
      "resolved": "https://registry.npmjs.org/stompjs/-/stompjs-2.3.3.tgz",
      "integrity": "sha1-NBeKx7uO4pTMXVVK2LUPf1RZ/Y4=",
      "requires": {
        "websocket": "^1.0.24"
      }
    },
    "typedarray-to-buffer": {
      "version": "3.1.2",
      "resolved": "https://registry.npmjs.org/typedarray-to-buffer/-/typedarray-to-buffer-3.1.2.tgz",
      "integrity": "sha1-EBezLZhP9VbroQD1AViauhrOLgQ=",
      "optional": true,
      "requires": {
        "is-typedarray": "^1.0.0"
      }
    },
    "websocket": {
      "version": "1.0.24",
      "resolved": "https://registry.npmjs.org/websocket/-/websocket-1.0.24.tgz",
      "integrity": "sha1-dJA+dfJUW2suHeFCW8HJBZF6GJA=",
      "optional": true,
      "requires": {
        "debug": "^2.2.0",
        "nan": "^2.3.3",
        "typedarray-to-buffer": "^3.1.2",
        "yaeti": "^0.0.6"
      }
    },
    "yaeti": {
      "version": "0.0.6",
      "resolved": "https://registry.npmjs.org/yaeti/-/yaeti-0.0.6.tgz",
      "integrity": "sha1-8m9ITXJoTPQr7ft2lwqhYI+/lXc=",
      "optional": true
    }
  }
}
