{
  "name": "apollo-web",
  "version": "1.0.0",
  "lockfileVersion": 1,
  "requires": true,
  "dependencies": {
    "@stomp/stompjs": {
      "version": "https://registry.npmjs.org/@stomp/stompjs/-/stompjs-3.1.2.tgz",
      "integrity": "sha512-cSMe/PRAJ8Z+A+X3KodLABRwffEm7QHPvrnOo6Pd1MJfwnBm+XT25m/WRZqB/qykfgRo7v0f+UvSJRUpj9dCCw==",
      "requires": {
        "websocket": "https://registry.npmjs.org/websocket/-/websocket-1.0.25.tgz"
      }
    },
    "angular": {
      "version": "https://registry.npmjs.org/angular/-/angular-1.5.11.tgz",
      "integrity": "sha1-jFunOG8VllyazzQp9ogVU6raMNY="
    },
    "angular-animate": {
      "version": "https://registry.npmjs.org/angular-animate/-/angular-animate-1.5.11.tgz",
      "integrity": "sha1-G6pDwwPRuTxOaqiUU7ORFLehxmk="
    },
    "angular-bootstrap-datetimepicker": {
      "version": "https://registry.npmjs.org/angular-bootstrap-datetimepicker/-/angular-bootstrap-datetimepicker-1.0.1.tgz",
      "integrity": "sha1-ft4oK4fK2yeSgJIO99dzAseKBr8=",
      "requires": {
        "angular": "https://registry.npmjs.org/angular/-/angular-1.5.11.tgz",
        "moment": "https://registry.npmjs.org/moment/-/moment-2.13.0.tgz"
      }
    },
    "angular-cookies": {
      "version": "https://registry.npmjs.org/angular-cookies/-/angular-cookies-1.5.11.tgz",
      "integrity": "sha1-iFWN58UETcw6vreWFNfvgQe6ScA="
    },
    "angular-date-time-input": {
      "version": "https://registry.npmjs.org/angular-date-time-input/-/angular-date-time-input-1.2.1.tgz",
      "integrity": "sha1-bXt+tH+yz2GYylZMXdW8UVYnnXY=",
      "requires": {
        "angular": "https://registry.npmjs.org/angular/-/angular-1.5.11.tgz",
        "moment": "https://registry.npmjs.org/moment/-/moment-2.19.3.tgz"
      },
      "dependencies": {
        "moment": {
          "version": "https://registry.npmjs.org/moment/-/moment-2.19.3.tgz",
          "integrity": "sha1-vbmdJw1tf9p4zA+6zoVeJ/59pp8="
        }
      }
    },
    "angular-flexslider": {
      "version": "https://registry.npmjs.org/angular-flexslider/-/angular-flexslider-1.3.3.tgz",
      "integrity": "sha1-1hasTmhCPUc0GPB5mrmpb4Ejcas=",
      "requires": {
        "angular": "https://registry.npmjs.org/angular/-/angular-1.5.11.tgz",
        "flexslider": "https://registry.npmjs.org/flexslider/-/flexslider-2.6.4.tgz",
        "jquery": "https://registry.npmjs.org/jquery/-/jquery-2.1.4.tgz"
      }
    },
    "angular-google-chart": {
      "version": "https://registry.npmjs.org/angular-google-chart/-/angular-google-chart-0.1.0.tgz",
      "integrity": "sha1-zPzuWuuOAvIwcw/XX5lvVBDKGdA=",
      "requires": {
        "angular": "https://registry.npmjs.org/angular/-/angular-1.5.11.tgz"
      }
    },
    "angular-gridster": {
      "version": "https://registry.npmjs.org/angular-gridster/-/angular-gridster-0.13.14.tgz",
      "integrity": "sha1-er6/Y9fJ++xFOLnMpFfg2oBdQgQ="
    },
    "angular-messages": {
      "version": "https://registry.npmjs.org/angular-messages/-/angular-messages-1.5.11.tgz",
      "integrity": "sha1-6pnwFjWU/LCi23AbMDgzklDezJA="
    },
    "angular-moment": {
      "version": "https://registry.npmjs.org/angular-moment/-/angular-moment-1.0.1.tgz",
      "integrity": "sha1-UJ0zJq6iP3giHP3bK2K/7eaEHTE=",
      "requires": {
        "moment": "https://registry.npmjs.org/moment/-/moment-2.13.0.tgz"
      }
    },
    "angular-resource": {
      "version": "https://registry.npmjs.org/angular-resource/-/angular-resource-1.5.11.tgz",
      "integrity": "sha1-2T6mGRhKLg7jrjOCZXWDYxcpKfA="
    },
    "angular-route": {
      "version": "https://registry.npmjs.org/angular-route/-/angular-route-1.5.11.tgz",
      "integrity": "sha1-SWFPOhZ/VCkeRJ/ougXTnFiSS4M="
    },
    "angular-sanitize": {
      "version": "https://registry.npmjs.org/angular-sanitize/-/angular-sanitize-1.5.11.tgz",
      "integrity": "sha1-6/s/ND5UP5su8FD7TC6e4EjRdy8="
    },
    "angular-spinner": {
      "version": "https://registry.npmjs.org/angular-spinner/-/angular-spinner-0.8.1.tgz",
      "integrity": "sha1-Hbzfa+8omSZkWWqh3fgZTQE6rPk=",
      "requires": {
        "spin.js": "https://registry.npmjs.org/spin.js/-/spin.js-2.3.2.tgz"
      }
    },
    "angular-toastr": {
      "version": "https://registry.npmjs.org/angular-toastr/-/angular-toastr-1.7.0.tgz",
      "integrity": "sha1-f9+e9hy0q+56iBjrPZeYwFfU638="
    },
    "angular-tree-control": {
      "version": "https://registry.npmjs.org/angular-tree-control/-/angular-tree-control-0.2.28.tgz",
      "integrity": "sha1-bPWNWQ7o4FA7uoma5SmuS4dBCDs="
    },
    "angular-ui-grid": {
      "version": "https://registry.npmjs.org/angular-ui-grid/-/angular-ui-grid-3.0.7.tgz",
      "integrity": "sha1-Exn37t9tcnSHxvTQ1t8cWhOimtg=",
      "requires": {
        "angular": "https://registry.npmjs.org/angular/-/angular-1.4.14.tgz"
      },
      "dependencies": {
        "angular": {
          "version": "https://registry.npmjs.org/angular/-/angular-1.4.14.tgz",
          "integrity": "sha1-nQ/q9gzm5SzlD0nuMoZW0eGHXDc="
        }
      }
    },
    "bootstrap": {
      "version": "https://registry.npmjs.org/bootstrap/-/bootstrap-3.3.7.tgz",
      "integrity": "sha1-WjiTlFSfIzMIdaOxUGVldPip63E="
    },
    "debug": {
      "version": "https://registry.npmjs.org/debug/-/debug-2.6.9.tgz",
      "integrity": "sha1-XRKFFd8TT/Mn6QpMk/Tgd6U2NB8=",
      "optional": true,
      "requires": {
        "ms": "https://registry.npmjs.org/ms/-/ms-2.0.0.tgz"
      }
    },
    "flexslider": {
      "version": "https://registry.npmjs.org/flexslider/-/flexslider-2.6.4.tgz",
      "integrity": "sha1-2B+1izQvnj6PSX7oGYo1q4d32eA=",
      "requires": {
        "jquery": "https://registry.npmjs.org/jquery/-/jquery-2.1.4.tgz"
      }
    },
    "font-awesome": {
      "version": "https://registry.npmjs.org/font-awesome/-/font-awesome-4.7.0.tgz",
      "integrity": "sha1-j6jPBBGhoxr9B7BtKQK7n8gVoTM="
    },
    "is-typedarray": {
      "version": "https://registry.npmjs.org/is-typedarray/-/is-typedarray-1.0.0.tgz",
      "integrity": "sha1-5HnICFjfDBsR3dppQPlgEfzaSpo=",
      "optional": true
    },
    "javascript-detect-element-resize": {
      "version": "https://registry.npmjs.org/javascript-detect-element-resize/-/javascript-detect-element-resize-0.5.3.tgz",
      "integrity": "sha1-GnHNUd/lZZB/KZAS/nOilBBAJd4="
    },
    "jquery": {
      "version": "https://registry.npmjs.org/jquery/-/jquery-2.1.4.tgz",
      "integrity": "sha1-IoveaYoMYUMdwmMKahVPFYkNIxc="
    },
    "moment": {
      "version": "https://registry.npmjs.org/moment/-/moment-2.13.0.tgz",
      "integrity": "sha1-JBYtmVIebUD5muaTnoBtITnqrFI="
    },
    "moment-timezone": {
      "version": "https://registry.npmjs.org/moment-timezone/-/moment-timezone-0.5.14.tgz",
      "integrity": "sha1-TrOP+VOLgBCLpGekWPPtQmjM/LE=",
      "requires": {
        "moment": "https://registry.npmjs.org/moment/-/moment-2.13.0.tgz"
      }
    },
    "ms": {
      "version": "https://registry.npmjs.org/ms/-/ms-2.0.0.tgz",
      "integrity": "sha1-VgiurfwAvmwpAd9fmGF4jeDVl8g=",
      "optional": true
    },
    "nan": {
      "version": "https://registry.npmjs.org/nan/-/nan-2.8.0.tgz",
      "integrity": "sha1-7XFfP+neArV6XmJS2QqWZ14fCFo=",
      "optional": true
    },
    "spin.js": {
      "version": "https://registry.npmjs.org/spin.js/-/spin.js-2.3.2.tgz",
      "integrity": "sha1-bKpW1SBnNFD9XPvGlx5tB3LDeho="
    },
    "typedarray-to-buffer": {
      "version": "https://registry.npmjs.org/typedarray-to-buffer/-/typedarray-to-buffer-3.1.2.tgz",
      "integrity": "sha1-EBezLZhP9VbroQD1AViauhrOLgQ=",
      "optional": true,
      "requires": {
        "is-typedarray": "https://registry.npmjs.org/is-typedarray/-/is-typedarray-1.0.0.tgz"
      }
    },
    "websocket": {
      "version": "https://registry.npmjs.org/websocket/-/websocket-1.0.25.tgz",
      "integrity": "sha1-mY7HkPCj6suLCLUKQ1ACZpKhGVg=",
      "optional": true,
      "requires": {
        "debug": "https://registry.npmjs.org/debug/-/debug-2.6.9.tgz",
        "nan": "https://registry.npmjs.org/nan/-/nan-2.8.0.tgz",
        "typedarray-to-buffer": "https://registry.npmjs.org/typedarray-to-buffer/-/typedarray-to-buffer-3.1.2.tgz",
        "yaeti": "https://registry.npmjs.org/yaeti/-/yaeti-0.0.6.tgz"
      }
    },
    "yaeti": {
      "version": "https://registry.npmjs.org/yaeti/-/yaeti-0.0.6.tgz",
      "integrity": "sha1-8m9ITXJoTPQr7ft2lwqhYI+/lXc=",
      "optional": true
    }
  }
}
