{
  "name": "pegasus-web",
  "version": "1.0.0",
  "lockfileVersion": 1,
  "requires": true,
  "dependencies": {
    "angular": {
      "version": "1.5.11",
      "resolved": "https://registry.npmjs.org/angular/-/angular-1.5.11.tgz",
      "integrity": "sha1-jFunOG8VllyazzQp9ogVU6raMNY="
    },
    "angular-animate": {
      "version": "1.5.11",
      "resolved": "https://registry.npmjs.org/angular-animate/-/angular-animate-1.5.11.tgz",
      "integrity": "sha1-G6pDwwPRuTxOaqiUU7ORFLehxmk="
    },
    "angular-bootstrap-datetimepicker": {
      "version": "1.0.1",
      "resolved": "https://registry.npmjs.org/angular-bootstrap-datetimepicker/-/angular-bootstrap-datetimepicker-1.0.1.tgz",
      "integrity": "sha1-ft4oK4fK2yeSgJIO99dzAseKBr8=",
      "requires": {
        "angular": "^1.4.9",
        "moment": "^2.11.1"
      }
    },
    "angular-cookies": {
      "version": "1.5.11",
      "resolved": "https://registry.npmjs.org/angular-cookies/-/angular-cookies-1.5.11.tgz",
      "integrity": "sha1-iFWN58UETcw6vreWFNfvgQe6ScA="
    },
    "angular-date-time-input": {
      "version": "1.1.0",
      "resolved": "https://registry.npmjs.org/angular-date-time-input/-/angular-date-time-input-1.1.0.tgz",
      "integrity": "sha1-+vj2Z8DlA8WmTwniWkcOMLb1xBQ=",
      "requires": {
        "angular": "^1.x",
        "moment": "^2.x"
      }
    },
    "angular-google-chart": {
      "version": "0.1.0",
      "resolved": "https://registry.npmjs.org/angular-google-chart/-/angular-google-chart-0.1.0.tgz",
      "integrity": "sha1-zPzuWuuOAvIwcw/XX5lvVBDKGdA=",
      "requires": {
        "angular": ">1.2.9"
      }
    },
    "angular-messages": {
      "version": "1.5.11",
      "resolved": "https://registry.npmjs.org/angular-messages/-/angular-messages-1.5.11.tgz",
      "integrity": "sha1-6pnwFjWU/LCi23AbMDgzklDezJA="
    },
    "angular-moment": {
      "version": "1.0.1",
      "resolved": "http://registry.npmjs.org/angular-moment/-/angular-moment-1.0.1.tgz",
      "integrity": "sha1-UJ0zJq6iP3giHP3bK2K/7eaEHTE=",
      "requires": {
        "moment": ">=2.8.0 <3.0.0"
      }
    },
    "angular-resource": {
      "version": "1.5.11",
      "resolved": "https://registry.npmjs.org/angular-resource/-/angular-resource-1.5.11.tgz",
      "integrity": "sha1-2T6mGRhKLg7jrjOCZXWDYxcpKfA="
    },
    "angular-route": {
      "version": "1.5.11",
      "resolved": "https://registry.npmjs.org/angular-route/-/angular-route-1.5.11.tgz",
      "integrity": "sha1-SWFPOhZ/VCkeRJ/ougXTnFiSS4M="
    },
    "angular-sanitize": {
      "version": "1.5.11",
      "resolved": "https://registry.npmjs.org/angular-sanitize/-/angular-sanitize-1.5.11.tgz",
      "integrity": "sha1-6/s/ND5UP5su8FD7TC6e4EjRdy8="
    },
    "angular-spinner": {
      "version": "0.8.1",
      "resolved": "https://registry.npmjs.org/angular-spinner/-/angular-spinner-0.8.1.tgz",
      "integrity": "sha1-Hbzfa+8omSZkWWqh3fgZTQE6rPk=",
      "requires": {
        "spin.js": "^2.0.0"
      }
    },
    "angular-toastr": {
      "version": "1.7.0",
      "resolved": "https://registry.npmjs.org/angular-toastr/-/angular-toastr-1.7.0.tgz",
      "integrity": "sha1-f9+e9hy0q+56iBjrPZeYwFfU638="
    },
    "angular-tree-control": {
      "version": "0.2.30",
      "resolved": "https://registry.npmjs.org/angular-tree-control/-/angular-tree-control-0.2.30.tgz",
      "integrity": "sha1-XUti+x72rHQh2BHEzzFUZOCZE+Q="
    },
    "angular-ui-grid": {
      "version": "3.0.7",
      "resolved": "https://registry.npmjs.org/angular-ui-grid/-/angular-ui-grid-3.0.7.tgz",
      "integrity": "sha1-Exn37t9tcnSHxvTQ1t8cWhOimtg=",
      "requires": {
        "angular": ">=1.2.16 1.4.x"
      },
      "dependencies": {
        "angular": {
          "version": "1.4.14",
          "resolved": "https://registry.npmjs.org/angular/-/angular-1.4.14.tgz",
          "integrity": "sha1-nQ/q9gzm5SzlD0nuMoZW0eGHXDc="
        }
      }
    },
    "angular-ui-router": {
      "version": "0.2.18",
      "resolved": "https://registry.npmjs.org/angular-ui-router/-/angular-ui-router-0.2.18.tgz",
      "integrity": "sha1-Ha1wQVxz1wRv0uEw3wPWL7dGQ2A=",
      "requires": {
        "angular": "^1.0.8"
      }
    },
    "angularjs-scroll-glue": {
      "version": "2.0.7",
      "resolved": "https://registry.npmjs.org/angularjs-scroll-glue/-/angularjs-scroll-glue-2.0.7.tgz",
      "integrity": "sha1-cA4mngYVkqdorbxDQzOUb16ykPg="
    },
    "bootstrap": {
      "version": "3.3.7",
      "resolved": "https://registry.npmjs.org/bootstrap/-/bootstrap-3.3.7.tgz",
      "integrity": "sha1-WjiTlFSfIzMIdaOxUGVldPip63E="
    },
    "debug": {
      "version": "2.6.9",
      "resolved": "https://registry.npmjs.org/debug/-/debug-2.6.9.tgz",
      "integrity": "sha512-bC7ElrdJaJnPbAP+1EotYvqZsb3ecl5wi6Bfi6BJTUcNowp6cvspg0jXznRTKDjm/E7AdgFBVeAPVMNcKGsHMA==",
      "optional": true,
      "requires": {
        "ms": "2.0.0"
      }
    },
    "font-awesome": {
      "version": "4.7.0",
      "resolved": "https://registry.npmjs.org/font-awesome/-/font-awesome-4.7.0.tgz",
      "integrity": "sha1-j6jPBBGhoxr9B7BtKQK7n8gVoTM="
    },
    "is-typedarray": {
      "version": "1.0.0",
      "resolved": "https://registry.npmjs.org/is-typedarray/-/is-typedarray-1.0.0.tgz",
      "integrity": "sha1-5HnICFjfDBsR3dppQPlgEfzaSpo=",
      "optional": true
    },
    "jquery": {
      "version": "2.1.4",
      "resolved": "https://registry.npmjs.org/jquery/-/jquery-2.1.4.tgz",
      "integrity": "sha1-IoveaYoMYUMdwmMKahVPFYkNIxc="
    },
    "moment": {
      "version": "2.13.0",
      "resolved": "http://registry.npmjs.org/moment/-/moment-2.13.0.tgz",
      "integrity": "sha1-JBYtmVIebUD5muaTnoBtITnqrFI="
    },
    "moment-timezone": {
      "version": "0.5.35",
      "resolved": "https://registry.npmjs.org/moment-timezone/-/moment-timezone-0.5.35.tgz",
      "integrity": "sha512-cY/pBOEXepQvlgli06ttCTKcIf8cD1nmNwOKQQAdHBqYApQSpAqotBMX0RJZNgMp6i0PlZuf1mFtnlyEkwyvFw==",
      "requires": {
        "moment": ">= 2.9.0"
      }
    },
    "ms": {
      "version": "2.0.0",
      "resolved": "https://registry.npmjs.org/ms/-/ms-2.0.0.tgz",
      "integrity": "sha1-VgiurfwAvmwpAd9fmGF4jeDVl8g=",
      "optional": true
    },
    "nan": {
      "version": "2.11.0",
      "resolved": "https://registry.npmjs.org/nan/-/nan-2.11.0.tgz",
      "integrity": "sha512-F4miItu2rGnV2ySkXOQoA8FKz/SR2Q2sWP0sbTxNxz/tuokeC8WxOhPMcwi0qIyGtVn/rrSeLbvVkznqCdwYnw==",
      "optional": true
    },
    "oclazyload": {
      "version": "1.1.0",
      "resolved": "https://registry.npmjs.org/oclazyload/-/oclazyload-1.1.0.tgz",
      "integrity": "sha1-qYBzIvGQggqBwCLy7xcB0DbYPoc="
    },
    "spin.js": {
      "version": "2.3.2",
      "resolved": "https://registry.npmjs.org/spin.js/-/spin.js-2.3.2.tgz",
      "integrity": "sha1-bKpW1SBnNFD9XPvGlx5tB3LDeho="
    },
    "stompjs": {
      "version": "2.3.3",
      "resolved": "https://registry.npmjs.org/stompjs/-/stompjs-2.3.3.tgz",
      "integrity": "sha1-NBeKx7uO4pTMXVVK2LUPf1RZ/Y4=",
      "requires": {
        "websocket": "^1.0.28"
      }
    },
    "typedarray-to-buffer": {
      "version": "3.1.5",
      "resolved": "https://registry.npmjs.org/typedarray-to-buffer/-/typedarray-to-buffer-3.1.5.tgz",
      "integrity": "sha512-zdu8XMNEDepKKR+XYOXAVPtWui0ly0NtohUscw+UmaHiAWT8hrV1rr//H6V+0DvJ3OQ19S979M0laLfX8rm82Q==",
      "optional": true,
      "requires": {
        "is-typedarray": "^1.0.0"
      }
    },
    "websocket": {
      "version": "1.0.28",
      "resolved": "https://registry.npmjs.org/websocket/-/websocket-1.0.28.tgz",
      "integrity": "sha512-00y/20/80P7H4bCYkzuuvvfDvh+dgtXi5kzDf3UcZwN6boTYaKvsrtZ5lIYm1Gsg48siMErd9M4zjSYfYFHTrA==",
      "optional": true,
      "requires": {
        "debug": "^2.2.0",
        "nan": "^2.11.0",
        "typedarray-to-buffer": "^3.1.5",
        "yaeti": "^0.0.6"
      }
    },
    "yaeti": {
      "version": "0.0.6",
      "resolved": "https://registry.npmjs.org/yaeti/-/yaeti-0.0.6.tgz",
      "integrity": "sha1-8m9ITXJoTPQr7ft2lwqhYI+/lXc=",
      "optional": true
    }
  }
}
